
Microsoft Visual Studio Solution File, Format Version 12.00
# Visual Studio Version 16
VisualStudioVersion = 16.0.29709.97
MinimumVisualStudioVersion = 10.0.40219.1
Project("{9A19103F-16F7-4668-BE54-9A1E7A4F7556}") = "MusicPlayerPro", "MusicPlayerPro\MusicPlayerPro.csproj", "{589CB9F0-789F-42E7-A417-8C1E8414D1EA}"
EndProject
Project("{9A19103F-16F7-4668-BE54-9A1E7A4F7556}") = "Player.Tests", "Player.Tests\Player.Tests.csproj", "{60FCD8A4-3251-4F6B-8B11-F0117D08C44F}"
EndProject
Project("{2150E333-8FDC-42A3-9474-1A3956D46DE8}") = "UI", "UI", "{2666D6E1-31D5-4461-BA67-92BFDBAFAA68}"
EndProject
Project("{9A19103F-16F7-4668-BE54-9A1E7A4F7556}") = "UI_MusicPlayer", "UI_MusicPlayer\UI_MusicPlayer.csproj", "{C0590C4E-A0F7-4DCA-B14C-8B2CCF05919D}"
EndProject
Project("{2150E333-8FDC-42A3-9474-1A3956D46DE8}") = "Player", "Player", "{2F654010-DAAA-4F65-83AF-31FA73FD7E8D}"
EndProject
Project("{2150E333-8FDC-42A3-9474-1A3956D46DE8}") = "Solution Items", "Solution Items", "{43835C8F-2DC4-4C52-9885-9B57FDF3AB11}"
	ProjectSection(SolutionItems) = preProject
		TODO.txt = TODO.txt
	EndProjectSection
EndProject
Global
	GlobalSection(SolutionConfigurationPlatforms) = preSolution
		Debug|Any CPU = Debug|Any CPU
		Release|Any CPU = Release|Any CPU
	EndGlobalSection
	GlobalSection(ProjectConfigurationPlatforms) = postSolution
		{589CB9F0-789F-42E7-A417-8C1E8414D1EA}.Debug|Any CPU.ActiveCfg = Debug|Any CPU
		{589CB9F0-789F-42E7-A417-8C1E8414D1EA}.Debug|Any CPU.Build.0 = Debug|Any CPU
		{589CB9F0-789F-42E7-A417-8C1E8414D1EA}.Release|Any CPU.ActiveCfg = Release|Any CPU
		{589CB9F0-789F-42E7-A417-8C1E8414D1EA}.Release|Any CPU.Build.0 = Release|Any CPU
		{60FCD8A4-3251-4F6B-8B11-F0117D08C44F}.Debug|Any CPU.ActiveCfg = Debug|Any CPU
		{60FCD8A4-3251-4F6B-8B11-F0117D08C44F}.Debug|Any CPU.Build.0 = Debug|Any CPU
		{60FCD8A4-3251-4F6B-8B11-F0117D08C44F}.Release|Any CPU.ActiveCfg = Release|Any CPU
		{60FCD8A4-3251-4F6B-8B11-F0117D08C44F}.Release|Any CPU.Build.0 = Release|Any CPU
		{C0590C4E-A0F7-4DCA-B14C-8B2CCF05919D}.Debug|Any CPU.ActiveCfg = Debug|Any CPU
		{C0590C4E-A0F7-4DCA-B14C-8B2CCF05919D}.Debug|Any CPU.Build.0 = Debug|Any CPU
		{C0590C4E-A0F7-4DCA-B14C-8B2CCF05919D}.Release|Any CPU.ActiveCfg = Release|Any CPU
		{C0590C4E-A0F7-4DCA-B14C-8B2CCF05919D}.Release|Any CPU.Build.0 = Release|Any CPU
	EndGlobalSection
	GlobalSection(SolutionProperties) = preSolution
		HideSolutionNode = FALSE
	EndGlobalSection
	GlobalSection(NestedProjects) = preSolution
		{589CB9F0-789F-42E7-A417-8C1E8414D1EA} = {2F654010-DAAA-4F65-83AF-31FA73FD7E8D}
		{60FCD8A4-3251-4F6B-8B11-F0117D08C44F} = {2F654010-DAAA-4F65-83AF-31FA73FD7E8D}
		{C0590C4E-A0F7-4DCA-B14C-8B2CCF05919D} = {2666D6E1-31D5-4461-BA67-92BFDBAFAA68}
	EndGlobalSection
	GlobalSection(ExtensibilityGlobals) = postSolution
		SolutionGuid = {0DE3D6F0-0393-4227-8829-8AE1F27A81FE}
	EndGlobalSection
EndGlobal
